# requirements.lock — 环境快照（v3.7·7.3，2026-09-19 生成；7.8 装 pytest-cov 后刷新）
# 来源：pip freeze（backend/.venv 实测通过 260 pytest 的版本组合），供 CI 与环境复现用
# 用法：pip install -r requirements.lock；日常开发仍用 requirements.txt（宽松下限）
# 注意：httpx2 是 langsmith>=0.12 的正式依赖（曾误判为可疑包卸载导致 pip check 失败），非垃圾包
# Python 3.13.9 · 升级依赖后必须重新生成本文件（见 docs/后续开发规划.md §6 执行纪律）
alembic==1.19.1
amqp==5.3.1
annotated-doc==0.0.5
annotated-types==0.8.0
anyio==4.14.2
argon2-cffi==25.1.0
argon2-cffi-bindings==26.1.0
billiard==4.2.4
celery==5.6.3
certifi==2026.7.22
cffi==2.1.1
charset-normalizer==3.5.1
click==8.5.0
click-didyoumean==0.3.1
click-plugins==1.1.1.2
click-repl==0.3.0
colorama==0.4.6
coverage==7.16.1
defusedxml==0.7.1
distro==1.9.0
dnspython==2.8.0
email-validator==2.3.0
fastapi==0.141.1
fonttools==4.64.0
fpdf2==2.8.8
greenlet==3.5.5
h11==0.16.0
httpcore==1.0.9
httpcore2==2.12.0
httptools==0.8.0
httpx==0.28.1
httpx2==2.12.0
idna==3.19
iniconfig==2.3.0
jieba==0.42.1
jiter==0.16.0
jsonpatch==1.33
jsonpointer==3.1.1
kombu==5.6.2
langchain==0.3.30
langchain-core==0.3.86
langchain-openai==0.3.35
langchain-text-splitters==0.3.11
langsmith==0.12.1
Mako==1.4.1
MarkupSafe==3.0.3
openai==2.54.0
orjson==3.12.0
ormsgpack==1.12.2
packaging==25.0
pgvector==0.5.0
pillow==12.3.0
pluggy==1.6.0
prompt_toolkit==3.0.53
psycopg==3.3.4
psycopg-binary==3.3.4
pwdlib==0.3.1
pycparser==3.0
pydantic==2.13.5
pydantic-settings==2.15.0
pydantic_core==2.46.5
Pygments==2.21.0
PyJWT==2.13.0
pypdf==6.16.2
pytest==9.1.1
pytest-cov==7.1.0
python-dateutil==2.9.0.post0
python-dotenv==1.2.3
python-multipart==0.0.32
PyYAML==6.0.3
redis==6.4.0
regex==2026.9.3
requests==2.34.2
requests-toolbelt==1.0.0
ruff==0.16.5
six==1.17.0
sniffio==1.3.1
SQLAlchemy==2.0.52
starlette==1.6.0
tenacity==9.1.4
tiktoken==0.14.0
tqdm==4.70.0
truststore==0.10.4
typing-inspection==0.4.4
typing_extensions==4.16.0
tzdata==2026.3
tzlocal==5.4.4
urllib3==2.7.0
uuid_utils==0.17.0
uvicorn==0.52.4
vine==5.1.0
watchfiles==1.2.0
wcwidth==0.8.3
websockets==16.1.1
xxhash==4.0.1
zstandard==0.25.0
